
Microsoft Visual Studio Solution File, Format Version 11.00
# Visual Studio 2010
Project("{FAE04EC0-301F-11D3-BF4B-00C04F79EFBC}") = "FMODUnity", "FMODUnity.csproj", "{86fa3148-658f-87c8-1923-505efc1d9364}"
EndProject
Project("{FAE04EC0-301F-11D3-BF4B-00C04F79EFBC}") = "Assembly-CSharp", "Assembly-CSharp.csproj", "{038ca9b8-a022-336d-1f9f-ee62db7a2429}"
EndProject
Project("{FAE04EC0-301F-11D3-BF4B-00C04F79EFBC}") = "FMODUnityResonance", "FMODUnityResonance.csproj", "{98aaf422-e8c6-85d9-4763-91ce855efe15}"
EndProject
Project("{FAE04EC0-301F-11D3-BF4B-00C04F79EFBC}") = "FMODUnityEditor", "FMODUnityEditor.csproj", "{5de9567f-cb91-9198-b43b-cdc73c220d6c}"
EndProject
Project("{FAE04EC0-301F-11D3-BF4B-00C04F79EFBC}") = "FMODUnityResonanceEditor", "FMODUnityResonanceEditor.csproj", "{4466b7e3-f2e0-0134-7844-ac03da0d9d44}"
EndProject
Project("{FAE04EC0-301F-11D3-BF4B-00C04F79EFBC}") = "Assembly-CSharp-Editor", "Assembly-CSharp-Editor.csproj", "{e3c12e52-52c2-de63-0ddd-0fa9ee17cb33}"
EndProject
Global
	GlobalSection(SolutionConfigurationPlatforms) = preSolution
		Debug|Any CPU = Debug|Any CPU
	EndGlobalSection
	GlobalSection(ProjectConfigurationPlatforms) = postSolution
		{86fa3148-658f-87c8-1923-505efc1d9364}.Debug|Any CPU.ActiveCfg = Debug|Any CPU
		{86fa3148-658f-87c8-1923-505efc1d9364}.Debug|Any CPU.Build.0 = Debug|Any CPU
		{038ca9b8-a022-336d-1f9f-ee62db7a2429}.Debug|Any CPU.ActiveCfg = Debug|Any CPU
		{038ca9b8-a022-336d-1f9f-ee62db7a2429}.Debug|Any CPU.Build.0 = Debug|Any CPU
		{98aaf422-e8c6-85d9-4763-91ce855efe15}.Debug|Any CPU.ActiveCfg = Debug|Any CPU
		{98aaf422-e8c6-85d9-4763-91ce855efe15}.Debug|Any CPU.Build.0 = Debug|Any CPU
		{5de9567f-cb91-9198-b43b-cdc73c220d6c}.Debug|Any CPU.ActiveCfg = Debug|Any CPU
		{5de9567f-cb91-9198-b43b-cdc73c220d6c}.Debug|Any CPU.Build.0 = Debug|Any CPU
		{4466b7e3-f2e0-0134-7844-ac03da0d9d44}.Debug|Any CPU.ActiveCfg = Debug|Any CPU
		{4466b7e3-f2e0-0134-7844-ac03da0d9d44}.Debug|Any CPU.Build.0 = Debug|Any CPU
		{e3c12e52-52c2-de63-0ddd-0fa9ee17cb33}.Debug|Any CPU.ActiveCfg = Debug|Any CPU
		{e3c12e52-52c2-de63-0ddd-0fa9ee17cb33}.Debug|Any CPU.Build.0 = Debug|Any CPU
	EndGlobalSection
	GlobalSection(SolutionProperties) = preSolution
		HideSolutionNode = FALSE
	EndGlobalSection
EndGlobal
